
Microsoft Visual Studio Solution File, Format Version 12.00
# Visual Studio 15
VisualStudioVersion = 15.0.27703.2026
MinimumVisualStudioVersion = 10.0.40219.1
Project("{FAE04EC0-301F-11D3-BF4B-00C04F79EFBC}") = "Prometheus_PL", "Prometheus_PL\Prometheus_PL.csproj", "{C186824F-E264-4658-A17C-94C5A8274EC3}"
EndProject
Global
	GlobalSection(SolutionConfigurationPlatforms) = preSolution
		Debug|Any CPU = Debug|Any CPU
		Release|Any CPU = Release|Any CPU
	EndGlobalSection
	GlobalSection(ProjectConfigurationPlatforms) = postSolution
		{C186824F-E264-4658-A17C-94C5A8274EC3}.Debug|Any CPU.ActiveCfg = Debug|Any CPU
		{C186824F-E264-4658-A17C-94C5A8274EC3}.Debug|Any CPU.Build.0 = Debug|Any CPU
		{C186824F-E264-4658-A17C-94C5A8274EC3}.Release|Any CPU.ActiveCfg = Release|Any CPU
		{C186824F-E264-4658-A17C-94C5A8274EC3}.Release|Any CPU.Build.0 = Release|Any CPU
	EndGlobalSection
	GlobalSection(SolutionProperties) = preSolution
		HideSolutionNode = FALSE
	EndGlobalSection
	GlobalSection(ExtensibilityGlobals) = postSolution
		SolutionGuid = {5371B93B-D9B7-45F0-A32B-54DBBE7AD410}
	EndGlobalSection
EndGlobal
